
Microsoft Visual Studio Solution File, Format Version 12.00
Project("{FAE04EC0-301F-11D3-BF4B-00C04F79EFBC}") = "Shared", "Shared\Shared.csproj", "{40D28C4C-9AD7-4EB0-B093-8A29D372675C}"
EndProject
Project("{FAE04EC0-301F-11D3-BF4B-00C04F79EFBC}") = "OrderService.API", "OrderService.API\OrderService.API.csproj", "{91E2A56A-40D6-44E5-8DC5-BCEF88B043E0}"
EndProject
Project("{FAE04EC0-301F-11D3-BF4B-00C04F79EFBC}") = "Order.Outbox.Table.Publisher.Service", "Order.Outbox.Table.Publisher.Service\Order.Outbox.Table.Publisher.Service.csproj", "{C5D41C26-6237-4856-AF9B-54404C6496DF}"
EndProject
Project("{FAE04EC0-301F-11D3-BF4B-00C04F79EFBC}") = "StockService.API", "StockService.API\StockService.API.csproj", "{7DADD816-675A-4D74-9F79-0473D091E5C5}"
EndProject
Global
	GlobalSection(SolutionConfigurationPlatforms) = preSolution
		Debug|Any CPU = Debug|Any CPU
		Release|Any CPU = Release|Any CPU
	EndGlobalSection
	GlobalSection(ProjectConfigurationPlatforms) = postSolution
		{40D28C4C-9AD7-4EB0-B093-8A29D372675C}.Debug|Any CPU.ActiveCfg = Debug|Any CPU
		{40D28C4C-9AD7-4EB0-B093-8A29D372675C}.Debug|Any CPU.Build.0 = Debug|Any CPU
		{40D28C4C-9AD7-4EB0-B093-8A29D372675C}.Release|Any CPU.ActiveCfg = Release|Any CPU
		{40D28C4C-9AD7-4EB0-B093-8A29D372675C}.Release|Any CPU.Build.0 = Release|Any CPU
		{91E2A56A-40D6-44E5-8DC5-BCEF88B043E0}.Debug|Any CPU.ActiveCfg = Debug|Any CPU
		{91E2A56A-40D6-44E5-8DC5-BCEF88B043E0}.Debug|Any CPU.Build.0 = Debug|Any CPU
		{91E2A56A-40D6-44E5-8DC5-BCEF88B043E0}.Release|Any CPU.ActiveCfg = Release|Any CPU
		{91E2A56A-40D6-44E5-8DC5-BCEF88B043E0}.Release|Any CPU.Build.0 = Release|Any CPU
		{C5D41C26-6237-4856-AF9B-54404C6496DF}.Debug|Any CPU.ActiveCfg = Debug|Any CPU
		{C5D41C26-6237-4856-AF9B-54404C6496DF}.Debug|Any CPU.Build.0 = Debug|Any CPU
		{C5D41C26-6237-4856-AF9B-54404C6496DF}.Release|Any CPU.ActiveCfg = Release|Any CPU
		{C5D41C26-6237-4856-AF9B-54404C6496DF}.Release|Any CPU.Build.0 = Release|Any CPU
		{7DADD816-675A-4D74-9F79-0473D091E5C5}.Debug|Any CPU.ActiveCfg = Debug|Any CPU
		{7DADD816-675A-4D74-9F79-0473D091E5C5}.Debug|Any CPU.Build.0 = Debug|Any CPU
		{7DADD816-675A-4D74-9F79-0473D091E5C5}.Release|Any CPU.ActiveCfg = Release|Any CPU
		{7DADD816-675A-4D74-9F79-0473D091E5C5}.Release|Any CPU.Build.0 = Release|Any CPU
	EndGlobalSection
EndGlobal
